github.com/hugomods/google-analytics v0.2.0 h1:ziRPsDMYKAmvfl6ofthJdmXq0w10yxNKI/dF0vbcX0k=
github.com/hugomods/google-analytics v0.2.0/go.mod h1:Q89C3HmPHn2m2VT1INfnLwkpDyyYRLRIPitLA/aFIy8=
github.com/hugomods/icons v0.6.0 h1:G6RU93okhPPRDh/jqcew9gwkcYpSpg0rCBv4S6yUAFw=
github.com/hugomods/icons v0.6.0/go.mod h1:cIkSvK6W0q6N4U6n9KGz+QfRWQXAW0INd+1P31gPNGg=
github.com/hugomods/icons/vendors/font-awesome v0.6.1 h1:MyYF67fPthN4EDkT/IwY0ydowxzE6J/oKFTltOCY2vY=
github.com/hugomods/icons/vendors/font-awesome v0.6.1/go.mod h1:kmMci4qX8yTQPT28sskzKRudJiQAAiZZugjNbkakRhk=
github.com/hugomods/katex v0.3.0 h1:hq0Kels9clL38Y2K/QZgXFKF7hQuumyQYz16TT4/Hhk=
github.com/hugomods/katex v0.3.0/go.mod h1:EBY1YQTN6F8FDQz+mWp3EzEh8vDN31YjL9luVni+Wm0=
